
Microsoft Visual Studio Solution File, Format Version 12.00
# Visual Studio 15
Project("{F2A71F9B-5D33-465A-A702-920D77279786}") = "SubjectGraph", "SubjectGraph.fsproj", "{28EDF2BB-387D-4FBC-9173-E6CF4C77C81A}"
EndProject
Global
	GlobalSection(SolutionConfigurationPlatforms) = preSolution
		Debug|Any CPU = Debug|Any CPU
		Release|Any CPU = Release|Any CPU
	EndGlobalSection
	GlobalSection(ProjectConfigurationPlatforms) = postSolution
		{28EDF2BB-387D-4FBC-9173-E6CF4C77C81A}.Debug|Any CPU.ActiveCfg = Debug|Any CPU
		{28EDF2BB-387D-4FBC-9173-E6CF4C77C81A}.Debug|Any CPU.Build.0 = Debug|Any CPU
		{28EDF2BB-387D-4FBC-9173-E6CF4C77C81A}.Release|Any CPU.ActiveCfg = Release|Any CPU
		{28EDF2BB-387D-4FBC-9173-E6CF4C77C81A}.Release|Any CPU.Build.0 = Release|Any CPU
	EndGlobalSection
EndGlobal
